{
  "name": "ownWebsiteMongoDb",
  "lockfileVersion": 2,
  "requires": true,
  "packages": {
    "": {
      "dependencies": {
        "ng-skeleton-loader": "^1.0.10"
      }
    },
    "node_modules/angular": {
      "version": "1.8.3",
      "resolved": "https://registry.npmjs.org/angular/-/angular-1.8.3.tgz",
      "integrity": "sha512-5qjkWIQQVsHj4Sb5TcEs4WZWpFeVFHXwxEBHUhrny41D8UrBAd6T/6nPPAsLngJCReIOqi95W3mxdveveutpZw==",
      "deprecated": "For the actively supported Angular, see https://www.npmjs.com/package/@angular/core. AngularJS support has officially ended. For extended AngularJS support options, see https://goo.gle/angularjs-path-forward."
    },
    "node_modules/ng-skeleton-loader": {
      "version": "1.0.10",
      "resolved": "https://registry.npmjs.org/ng-skeleton-loader/-/ng-skeleton-loader-1.0.10.tgz",
      "integrity": "sha512-/cqePgbz9GKSHNRmquiR0CDuKjjZfze97BN7D2m4ACjLcE2SDYNT2stGLz3R4JTWiXfqi+sZm5Eb0G+spsfCrw==",
      "dependencies": {
        "angular": "^1.7.9"
      }
    }
  },
  "dependencies": {
    "angular": {
      "version": "1.8.3",
      "resolved": "https://registry.npmjs.org/angular/-/angular-1.8.3.tgz",
      "integrity": "sha512-5qjkWIQQVsHj4Sb5TcEs4WZWpFeVFHXwxEBHUhrny41D8UrBAd6T/6nPPAsLngJCReIOqi95W3mxdveveutpZw=="
    },
    "ng-skeleton-loader": {
      "version": "1.0.10",
      "resolved": "https://registry.npmjs.org/ng-skeleton-loader/-/ng-skeleton-loader-1.0.10.tgz",
      "integrity": "sha512-/cqePgbz9GKSHNRmquiR0CDuKjjZfze97BN7D2m4ACjLcE2SDYNT2stGLz3R4JTWiXfqi+sZm5Eb0G+spsfCrw==",
      "requires": {
        "angular": "^1.7.9"
      }
    }
  }
}
